
Microsoft Visual Studio Solution File, Format Version 12.00
# Visual Studio Version 17
VisualStudioVersion = 17.8.34408.163
MinimumVisualStudioVersion = 10.0.40219.1
Project("{FAE04EC0-301F-11D3-BF4B-00C04F79EFBC}") = "GerenciadorDeTarefas.API", "GerenciadorDeTarefas.API\GerenciadorDeTarefas.API.csproj", "{3D21787A-C6CC-46A6-A471-E744AECCE564}"
EndProject
Project("{FAE04EC0-301F-11D3-BF4B-00C04F79EFBC}") = "GerenciadorDeTarefas.Communication", "GerenciadorDeTarefas.Communication\GerenciadorDeTarefas.Communication.csproj", "{DE4B06DA-F968-4A4C-9B63-5C9161A0300F}"
EndProject
Project("{FAE04EC0-301F-11D3-BF4B-00C04F79EFBC}") = "GerenciadorDeTarefas.Application", "GerenciadorDeTarefas.Application\GerenciadorDeTarefas.Application.csproj", "{135AABED-E1B9-4E3C-B677-132F74B5B351}"
EndProject
Global
	GlobalSection(SolutionConfigurationPlatforms) = preSolution
		Debug|Any CPU = Debug|Any CPU
		Release|Any CPU = Release|Any CPU
	EndGlobalSection
	GlobalSection(ProjectConfigurationPlatforms) = postSolution
		{3D21787A-C6CC-46A6-A471-E744AECCE564}.Debug|Any CPU.ActiveCfg = Debug|Any CPU
		{3D21787A-C6CC-46A6-A471-E744AECCE564}.Debug|Any CPU.Build.0 = Debug|Any CPU
		{3D21787A-C6CC-46A6-A471-E744AECCE564}.Release|Any CPU.ActiveCfg = Release|Any CPU
		{3D21787A-C6CC-46A6-A471-E744AECCE564}.Release|Any CPU.Build.0 = Release|Any CPU
		{DE4B06DA-F968-4A4C-9B63-5C9161A0300F}.Debug|Any CPU.ActiveCfg = Debug|Any CPU
		{DE4B06DA-F968-4A4C-9B63-5C9161A0300F}.Debug|Any CPU.Build.0 = Debug|Any CPU
		{DE4B06DA-F968-4A4C-9B63-5C9161A0300F}.Release|Any CPU.ActiveCfg = Release|Any CPU
		{DE4B06DA-F968-4A4C-9B63-5C9161A0300F}.Release|Any CPU.Build.0 = Release|Any CPU
		{135AABED-E1B9-4E3C-B677-132F74B5B351}.Debug|Any CPU.ActiveCfg = Debug|Any CPU
		{135AABED-E1B9-4E3C-B677-132F74B5B351}.Debug|Any CPU.Build.0 = Debug|Any CPU
		{135AABED-E1B9-4E3C-B677-132F74B5B351}.Release|Any CPU.ActiveCfg = Release|Any CPU
		{135AABED-E1B9-4E3C-B677-132F74B5B351}.Release|Any CPU.Build.0 = Release|Any CPU
	EndGlobalSection
	GlobalSection(SolutionProperties) = preSolution
		HideSolutionNode = FALSE
	EndGlobalSection
	GlobalSection(ExtensibilityGlobals) = postSolution
		SolutionGuid = {2D6BC731-8373-4CE5-8470-2CBADB24F7D1}
	EndGlobalSection
EndGlobal
